// !$*UTF8*$!
{
	archiveVersion = 1;
	classes = {
	};
	objectVersion = 51;
	objects = {

/* Begin PBXBuildFile section */
		4ED6CE09F008C86A1027799B /* Pods_Practical_6.framework in Frameworks */ = {isa = PBXBuildFile; fileRef = E01F4E347B2E7B1B032FF334 /* Pods_Practical_6.framework */; };
		8F8764A2238CF67300841BD6 /* AppDelegate.swift in Sources */ = {isa = PBXBuildFile; fileRef = 8F8764A1238CF67300841BD6 /* AppDelegate.swift */; };
		8F8764A4238CF67300841BD6 /* SceneDelegate.swift in Sources */ = {isa = PBXBuildFile; fileRef = 8F8764A3238CF67300841BD6 /* SceneDelegate.swift */; };
		8F8764A6238CF67300841BD6 /* ViewController.swift in Sources */ = {isa = PBXBuildFile; fileRef = 8F8764A5238CF67300841BD6 /* ViewController.swift */; };
		8F8764A9238CF67300841BD6 /* Main.storyboard in Resources */ = {isa = PBXBuildFile; fileRef = 8F8764A7238CF67300841BD6 /* Main.storyboard */; };
		8F8764AB238CF67300841BD6 /* Assets.xcassets in Resources */ = {isa = PBXBuildFile; fileRef = 8F8764AA238CF67300841BD6 /* Assets.xcassets */; };
		8F8764AE238CF67300841BD6 /* LaunchScreen.storyboard in Resources */ = {isa = PBXBuildFile; fileRef = 8F8764AC238CF67300841BD6 /* LaunchScreen.storyboard */; };
		8FC4D8D1238FA15A00960089 /* QRGeneratorViewController.swift in Sources */ = {isa = PBXBuildFile; fileRef = 8FC4D8D0238FA15A00960089 /* QRGeneratorViewController.swift */; };
		8FC4D8D3238FA4A100960089 /* QRScannerViewController.swift in Sources */ = {isa = PBXBuildFile; fileRef = 8FC4D8D2238FA4A100960089 /* QRScannerViewController.swift */; };
/* End PBXBuildFile section */

/* Begin PBXFileReference section */
		558B70E0A8442CD8865857F0 /* Pods-Practical 6.debug.xcconfig */ = {isa = PBXFileReference; includeInIndex = 1; lastKnownFileType = text.xcconfig; name = "Pods-Practical 6.debug.xcconfig"; path = "Target Support Files/Pods-Practical 6/Pods-Practical 6.debug.xcconfig"; sourceTree = "<group>"; };
		8F87649E238CF67300841BD6 /* Practical 6.app */ = {isa = PBXFileReference; explicitFileType = wrapper.application; includeInIndex = 0; path = "Practical 6.app"; sourceTree = BUILT_PRODUCTS_DIR; };
		8F8764A1238CF67300841BD6 /* AppDelegate.swift */ = {isa = PBXFileReference; lastKnownFileType = sourcecode.swift; path = AppDelegate.swift; sourceTree = "<group>"; };
		8F8764A3238CF67300841BD6 /* SceneDelegate.swift */ = {isa = PBXFileReference; lastKnownFileType = sourcecode.swift; path = SceneDelegate.swift; sourceTree = "<group>"; };
		8F8764A5238CF67300841BD6 /* ViewController.swift */ = {isa = PBXFileReference; lastKnownFileType = sourcecode.swift; path = ViewController.swift; sourceTree = "<group>"; };
		8F8764A8238CF67300841BD6 /* Base */ = {isa = PBXFileReference; lastKnownFileType = file.storyboard; name = Base; path = Base.lproj/Main.storyboard; sourceTree = "<group>"; };
		8F8764AA238CF67300841BD6 /* Assets.xcassets */ = {isa = PBXFileReference; lastKnownFileType = folder.assetcatalog; path = Assets.xcassets; sourceTree = "<group>"; };
		8F8764AD238CF67300841BD6 /* Base */ = {isa = PBXFileReference; lastKnownFileType = file.storyboard; name = Base; path = Base.lproj/LaunchScreen.storyboard; sourceTree = "<group>"; };
		8F8764AF238CF67300841BD6 /* Info.plist */ = {isa = PBXFileReference; lastKnownFileType = text.plist.xml; path = Info.plist; sourceTree = "<group>"; };
		8FC4D8D0238FA15A00960089 /* QRGeneratorViewController.swift */ = {isa = PBXFileReference; lastKnownFileType = sourcecode.swift; path = QRGeneratorViewController.swift; sourceTree = "<group>"; };
		8FC4D8D2238FA4A100960089 /* QRScannerViewController.swift */ = {isa = PBXFileReference; lastKnownFileType = sourcecode.swift; path = QRScannerViewController.swift; sourceTree = "<group>"; };
		E01F4E347B2E7B1B032FF334 /* Pods_Practical_6.framework */ = {isa = PBXFileReference; explicitFileType = wrapper.framework; includeInIndex = 0; path = Pods_Practical_6.framework; sourceTree = BUILT_PRODUCTS_DIR; };
		E68B1CA351354BABE058BCFB /* Pods-Practical 6.release.xcconfig */ = {isa = PBXFileReference; includeInIndex = 1; lastKnownFileType = text.xcconfig; name = "Pods-Practical 6.release.xcconfig"; path = "Target Support Files/Pods-Practical 6/Pods-Practical 6.release.xcconfig"; sourceTree = "<group>"; };
/* End PBXFileReference section */

/* Begin PBXFrameworksBuildPhase section */
		8F87649B238CF67300841BD6 /* Frameworks */ = {
			isa = PBXFrameworksBuildPhase;
			buildActionMask = 2147483647;
			files = (
				4ED6CE09F008C86A1027799B /* Pods_Practical_6.framework in Frameworks */,
			);
			runOnlyForDeploymentPostprocessing = 0;
		};
/* End PBXFrameworksBuildPhase section */

/* Begin PBXGroup section */
		6F2024975CFC5B2602F36903 /* Pods */ = {
			isa = PBXGroup;
			children = (
				558B70E0A8442CD8865857F0 /* Pods-Practical 6.debug.xcconfig */,
				E68B1CA351354BABE058BCFB /* Pods-Practical 6.release.xcconfig */,
			);
			path = Pods;
			sourceTree = "<group>";
		};
		8F876495238CF67300841BD6 = {
			isa = PBXGroup;
			children = (
				8F8764A0238CF67300841BD6 /* Practical 6 */,
				8F87649F238CF67300841BD6 /* Products */,
				6F2024975CFC5B2602F36903 /* Pods */,
				EB17F77206E794A502BCA2BE /* Frameworks */,
			);
			sourceTree = "<group>";
		};
		8F87649F238CF67300841BD6 /* Products */ = {
			isa = PBXGroup;
			children = (
				8F87649E238CF67300841BD6 /* Practical 6.app */,
			);
			name = Products;
			sourceTree = "<group>";
		};
		8F8764A0238CF67300841BD6 /* Practical 6 */ = {
			isa = PBXGroup;
			children = (
				8F8764A1238CF67300841BD6 /* AppDelegate.swift */,
				8F8764A3238CF67300841BD6 /* SceneDelegate.swift */,
				8F8764A5238CF67300841BD6 /* ViewController.swift */,
				8F8764A7238CF67300841BD6 /* Main.storyboard */,
				8F8764AA238CF67300841BD6 /* Assets.xcassets */,
				8F8764AC238CF67300841BD6 /* LaunchScreen.storyboard */,
				8F8764AF238CF67300841BD6 /* Info.plist */,
				8FC4D8D0238FA15A00960089 /* QRGeneratorViewController.swift */,
				8FC4D8D2238FA4A100960089 /* QRScannerViewController.swift */,
			);
			path = "Practical 6";
			sourceTree = "<group>";
		};
		EB17F77206E794A502BCA2BE /* Frameworks */ = {
			isa = PBXGroup;
			children = (
				E01F4E347B2E7B1B032FF334 /* Pods_Practical_6.framework */,
			);
			name = Frameworks;
			sourceTree = "<group>";
		};
/* End PBXGroup section */

/* Begin PBXNativeTarget section */
		8F87649D238CF67300841BD6 /* Practical 6 */ = {
			isa = PBXNativeTarget;
			buildConfigurationList = 8F8764B2238CF67300841BD6 /* Build configuration list for PBXNativeTarget "Practical 6" */;
			buildPhases = (
				91F754FA7FEAE0F3380EB509 /* [CP] Check Pods Manifest.lock */,
				8F87649A238CF67300841BD6 /* Sources */,
				8F87649B238CF67300841BD6 /* Frameworks */,
				8F87649C238CF67300841BD6 /* Resources */,
				DAC08F29696FAC1CD87A7D0A /* [CP] Embed Pods Frameworks */,
			);
			buildRules = (
			);
			dependencies = (
			);
			name = "Practical 6";
			productName = "Practical 6";
			productReference = 8F87649E238CF67300841BD6 /* Practical 6.app */;
			productType = "com.apple.product-type.application";
		};
/* End PBXNativeTarget section */

/* Begin PBXProject section */
		8F876496238CF67300841BD6 /* Project object */ = {
			isa = PBXProject;
			attributes = {
				LastSwiftUpdateCheck = 1100;
				LastUpgradeCheck = 1100;
				ORGANIZATIONNAME = Shin;
				TargetAttributes = {
					8F87649D238CF67300841BD6 = {
						CreatedOnToolsVersion = 11.0;
					};
				};
			};
			buildConfigurationList = 8F876499238CF67300841BD6 /* Build configuration list for PBXProject "Practical 6" */;
			compatibilityVersion = "Xcode 9.3";
			developmentRegion = en;
			hasScannedForEncodings = 0;
			knownRegions = (
				en,
				Base,
			);
			mainGroup = 8F876495238CF67300841BD6;
			productRefGroup = 8F87649F238CF67300841BD6 /* Products */;
			projectDirPath = "";
			projectRoot = "";
			targets = (
				8F87649D238CF67300841BD6 /* Practical 6 */,
			);
		};
/* End PBXProject section */

/* Begin PBXResourcesBuildPhase section */
		8F87649C238CF67300841BD6 /* Resources */ = {
			isa = PBXResourcesBuildPhase;
			buildActionMask = 2147483647;
			files = (
				8F8764AE238CF67300841BD6 /* LaunchScreen.storyboard in Resources */,
				8F8764AB238CF67300841BD6 /* Assets.xcassets in Resources */,
				8F8764A9238CF67300841BD6 /* Main.storyboard in Resources */,
			);
			runOnlyForDeploymentPostprocessing = 0;
		};
/* End PBXResourcesBuildPhase section */

/* Begin PBXShellScriptBuildPhase section */
		91F754FA7FEAE0F3380EB509 /* [CP] Check Pods Manifest.lock */ = {
			isa = PBXShellScriptBuildPhase;
			buildActionMask = 2147483647;
			files = (
			);
			inputFileListPaths = (
			);
			inputPaths = (
				"${PODS_PODFILE_DIR_PATH}/Podfile.lock",
				"${PODS_ROOT}/Manifest.lock",
			);
			name = "[CP] Check Pods Manifest.lock";
			outputFileListPaths = (
			);
			outputPaths = (
				"$(DERIVED_FILE_DIR)/Pods-Practical 6-checkManifestLockResult.txt",
			);
			runOnlyForDeploymentPostprocessing = 0;
			shellPath = /bin/sh;
			shellScript = "diff \"${PODS_PODFILE_DIR_PATH}/Podfile.lock\" \"${PODS_ROOT}/Manifest.lock\" > /dev/null\nif [ $? != 0 ] ; then\n    # print error to STDERR\n    echo \"error: The sandbox is not in sync with the Podfile.lock. Run 'pod install' or update your CocoaPods installation.\" >&2\n    exit 1\nfi\n# This output is used by Xcode 'outputs' to avoid re-running this script phase.\necho \"SUCCESS\" > \"${SCRIPT_OUTPUT_FILE_0}\"\n";
			showEnvVarsInLog = 0;
		};
		DAC08F29696FAC1CD87A7D0A /* [CP] Embed Pods Frameworks */ = {
			isa = PBXShellScriptBuildPhase;
			buildActionMask = 2147483647;
			files = (
			);
			inputFileListPaths = (
				"${PODS_ROOT}/Target Support Files/Pods-Practical 6/Pods-Practical 6-frameworks-${CONFIGURATION}-input-files.xcfilelist",
			);
			name = "[CP] Embed Pods Frameworks";
			outputFileListPaths = (
				"${PODS_ROOT}/Target Support Files/Pods-Practical 6/Pods-Practical 6-frameworks-${CONFIGURATION}-output-files.xcfilelist",
			);
			runOnlyForDeploymentPostprocessing = 0;
			shellPath = /bin/sh;
			shellScript = "\"${PODS_ROOT}/Target Support Files/Pods-Practical 6/Pods-Practical 6-frameworks.sh\"\n";
			showEnvVarsInLog = 0;
		};
/* End PBXShellScriptBuildPhase section */

/* Begin PBXSourcesBuildPhase section */
		8F87649A238CF67300841BD6 /* Sources */ = {
			isa = PBXSourcesBuildPhase;
			buildActionMask = 2147483647;
			files = (
				8FC4D8D3238FA4A100960089 /* QRScannerViewController.swift in Sources */,
				8F8764A6238CF67300841BD6 /* ViewController.swift in Sources */,
				8F8764A2238CF67300841BD6 /* AppDelegate.swift in Sources */,
				8F8764A4238CF67300841BD6 /* SceneDelegate.swift in Sources */,
				8FC4D8D1238FA15A00960089 /* QRGeneratorViewController.swift in Sources */,
			);
			runOnlyForDeploymentPostprocessing = 0;
		};
/* End PBXSourcesBuildPhase section */

/* Begin PBXVariantGroup section */
		8F8764A7238CF67300841BD6 /* Main.storyboard */ = {
			isa = PBXVariantGroup;
			children = (
				8F8764A8238CF67300841BD6 /* Base */,
			);
			name = Main.storyboard;
			sourceTree = "<group>";
		};
		8F8764AC238CF67300841BD6 /* LaunchScreen.storyboard */ = {
			isa = PBXVariantGroup;
			children = (
				8F8764AD238CF67300841BD6 /* Base */,
			);
			name = LaunchScreen.storyboard;
			sourceTree = "<group>";
		};
/* End PBXVariantGroup section */

/* Begin XCBuildConfiguration section */
		8F8764B0238CF67300841BD6 /* Debug */ = {
			isa = XCBuildConfiguration;
			buildSettings = {
				ALWAYS_SEARCH_USER_PATHS = NO;
				CLANG_ANALYZER_NONNULL = YES;
				CLANG_ANALYZER_NUMBER_OBJECT_CONVERSION = YES_AGGRESSIVE;
				CLANG_CXX_LANGUAGE_STANDARD = "gnu++14";
				CLANG_CXX_LIBRARY = "libc++";
				CLANG_ENABLE_MODULES = YES;
				CLANG_ENABLE_OBJC_ARC = YES;
				CLANG_ENABLE_OBJC_WEAK = YES;
				CLANG_WARN_BLOCK_CAPTURE_AUTORELEASING = YES;
				CLANG_WARN_BOOL_CONVERSION = YES;
				CLANG_WARN_COMMA = YES;
				CLANG_WARN_CONSTANT_CONVERSION = YES;
				CLANG_WARN_DEPRECATED_OBJC_IMPLEMENTATIONS = YES;
				CLANG_WARN_DIRECT_OBJC_ISA_USAGE = YES_ERROR;
				CLANG_WARN_DOCUMENTATION_COMMENTS = YES;
				CLANG_WARN_EMPTY_BODY = YES;
				CLANG_WARN_ENUM_CONVERSION = YES;
				CLANG_WARN_INFINITE_RECURSION = YES;
				CLANG_WARN_INT_CONVERSION = YES;
				CLANG_WARN_NON_LITERAL_NULL_CONVERSION = YES;
				CLANG_WARN_OBJC_IMPLICIT_RETAIN_SELF = YES;
				CLANG_WARN_OBJC_LITERAL_CONVERSION = YES;
				CLANG_WARN_OBJC_ROOT_CLASS = YES_ERROR;
				CLANG_WARN_RANGE_LOOP_ANALYSIS = YES;
				CLANG_WARN_STRICT_PROTOTYPES = YES;
				CLANG_WARN_SUSPICIOUS_MOVE = YES;
				CLANG_WARN_UNGUARDED_AVAILABILITY = YES_AGGRESSIVE;
				CLANG_WARN_UNREACHABLE_CODE = YES;
				CLANG_WARN__DUPLICATE_METHOD_MATCH = YES;
				COPY_PHASE_STRIP = NO;
				DEBUG_INFORMATION_FORMAT = dwarf;
				ENABLE_STRICT_OBJC_MSGSEND = YES;
				ENABLE_TESTABILITY = YES;
				GCC_C_LANGUAGE_STANDARD = gnu11;
				GCC_DYNAMIC_NO_PIC = NO;
				GCC_NO_COMMON_BLOCKS = YES;
				GCC_OPTIMIZATION_LEVEL = 0;
				GCC_PREPROCESSOR_DEFINITIONS = (
					"DEBUG=1",
					"$(inherited)",
				);
				GCC_WARN_64_TO_32_BIT_CONVERSION = YES;
				GCC_WARN_ABOUT_RETURN_TYPE = YES_ERROR;
				GCC_WARN_UNDECLARED_SELECTOR = YES;
				GCC_WARN_UNINITIALIZED_AUTOS = YES_AGGRESSIVE;
				GCC_WARN_UNUSED_FUNCTION = YES;
				GCC_WARN_UNUSED_VARIABLE = YES;
				IPHONEOS_DEPLOYMENT_TARGET = 13.0;
				MTL_ENABLE_DEBUG_INFO = INCLUDE_SOURCE;
				MTL_FAST_MATH = YES;
				ONLY_ACTIVE_ARCH = YES;
				SDKROOT = iphoneos;
				SWIFT_ACTIVE_COMPILATION_CONDITIONS = DEBUG;
				SWIFT_OPTIMIZATION_LEVEL = "-Onone";
			};
			name = Debug;
		};
		8F8764B1238CF67300841BD6 /* Release */ = {
			isa = XCBuildConfiguration;
			buildSettings = {
				ALWAYS_SEARCH_USER_PATHS = NO;
				CLANG_ANALYZER_NONNULL = YES;
				CLANG_ANALYZER_NUMBER_OBJECT_CONVERSION = YES_AGGRESSIVE;
				CLANG_CXX_LANGUAGE_STANDARD = "gnu++14";
				CLANG_CXX_LIBRARY = "libc++";
				CLANG_ENABLE_MODULES = YES;
				CLANG_ENABLE_OBJC_ARC = YES;
				CLANG_ENABLE_OBJC_WEAK = YES;
				CLANG_WARN_BLOCK_CAPTURE_AUTORELEASING = YES;
				CLANG_WARN_BOOL_CONVERSION = YES;
				CLANG_WARN_COMMA = YES;
				CLANG_WARN_CONSTANT_CONVERSION = YES;
				CLANG_WARN_DEPRECATED_OBJC_IMPLEMENTATIONS = YES;
				CLANG_WARN_DIRECT_OBJC_ISA_USAGE = YES_ERROR;
				CLANG_WARN_DOCUMENTATION_COMMENTS = YES;
				CLANG_WARN_EMPTY_BODY = YES;
				CLANG_WARN_ENUM_CONVERSION = YES;
				CLANG_WARN_INFINITE_RECURSION = YES;
				CLANG_WARN_INT_CONVERSION = YES;
				CLANG_WARN_NON_LITERAL_NULL_CONVERSION = YES;
				CLANG_WARN_OBJC_IMPLICIT_RETAIN_SELF = YES;
				CLANG_WARN_OBJC_LITERAL_CONVERSION = YES;
				CLANG_WARN_OBJC_ROOT_CLASS = YES_ERROR;
				CLANG_WARN_RANGE_LOOP_ANALYSIS = YES;
				CLANG_WARN_STRICT_PROTOTYPES = YES;
				CLANG_WARN_SUSPICIOUS_MOVE = YES;
				CLANG_WARN_UNGUARDED_AVAILABILITY = YES_AGGRESSIVE;
				CLANG_WARN_UNREACHABLE_CODE = YES;
				CLANG_WARN__DUPLICATE_METHOD_MATCH = YES;
				COPY_PHASE_STRIP = NO;
				DEBUG_INFORMATION_FORMAT = "dwarf-with-dsym";
				ENABLE_NS_ASSERTIONS = NO;
				ENABLE_STRICT_OBJC_MSGSEND = YES;
				GCC_C_LANGUAGE_STANDARD = gnu11;
				GCC_NO_COMMON_BLOCKS = YES;
				GCC_WARN_64_TO_32_BIT_CONVERSION = YES;
				GCC_WARN_ABOUT_RETURN_TYPE = YES_ERROR;
				GCC_WARN_UNDECLARED_SELECTOR = YES;
				GCC_WARN_UNINITIALIZED_AUTOS = YES_AGGRESSIVE;
				GCC_WARN_UNUSED_FUNCTION = YES;
				GCC_WARN_UNUSED_VARIABLE = YES;
				IPHONEOS_DEPLOYMENT_TARGET = 13.0;
				MTL_ENABLE_DEBUG_INFO = NO;
				MTL_FAST_MATH = YES;
				SDKROOT = iphoneos;
				SWIFT_COMPILATION_MODE = wholemodule;
				SWIFT_OPTIMIZATION_LEVEL = "-O";
				VALIDATE_PRODUCT = YES;
			};
			name = Release;
		};
		8F8764B3238CF67300841BD6 /* Debug */ = {
			isa = XCBuildConfiguration;
			baseConfigurationReference = 558B70E0A8442CD8865857F0 /* Pods-Practical 6.debug.xcconfig */;
			buildSettings = {
				ASSETCATALOG_COMPILER_APPICON_NAME = AppIcon;
				CODE_SIGN_STYLE = Automatic;
				INFOPLIST_FILE = "Practical 6/Info.plist";
				LD_RUNPATH_SEARCH_PATHS = (
					"$(inherited)",
					"@executable_path/Frameworks",
				);
				PRODUCT_BUNDLE_IDENTIFIER = "w.sf.Practical-6";
				PRODUCT_NAME = "$(TARGET_NAME)";
				SWIFT_VERSION = 5.0;
				TARGETED_DEVICE_FAMILY = "1,2";
			};
			name = Debug;
		};
		8F8764B4238CF67300841BD6 /* Release */ = {
			isa = XCBuildConfiguration;
			baseConfigurationReference = E68B1CA351354BABE058BCFB /* Pods-Practical 6.release.xcconfig */;
			buildSettings = {
				ASSETCATALOG_COMPILER_APPICON_NAME = AppIcon;
				CODE_SIGN_STYLE = Automatic;
				INFOPLIST_FILE = "Practical 6/Info.plist";
				LD_RUNPATH_SEARCH_PATHS = (
					"$(inherited)",
					"@executable_path/Frameworks",
				);
				PRODUCT_BUNDLE_IDENTIFIER = "w.sf.Practical-6";
				PRODUCT_NAME = "$(TARGET_NAME)";
				SWIFT_VERSION = 5.0;
				TARGETED_DEVICE_FAMILY = "1,2";
			};
			name = Release;
		};
/* End XCBuildConfiguration section */

/* Begin XCConfigurationList section */
		8F876499238CF67300841BD6 /* Build configuration list for PBXProject "Practical 6" */ = {
			isa = XCConfigurationList;
			buildConfigurations = (
				8F8764B0238CF67300841BD6 /* Debug */,
				8F8764B1238CF67300841BD6 /* Release */,
			);
			defaultConfigurationIsVisible = 0;
			defaultConfigurationName = Release;
		};
		8F8764B2238CF67300841BD6 /* Build configuration list for PBXNativeTarget "Practical 6" */ = {
			isa = XCConfigurationList;
			buildConfigurations = (
				8F8764B3238CF67300841BD6 /* Debug */,
				8F8764B4238CF67300841BD6 /* Release */,
			);
			defaultConfigurationIsVisible = 0;
			defaultConfigurationName = Release;
		};
/* End XCConfigurationList section */
	};
	rootObject = 8F876496238CF67300841BD6 /* Project object */;
}
