// !$*UTF8*$!
{
	archiveVersion = 1;
	classes = {
	};
	objectVersion = 50;
	objects = {

/* Begin PBXBuildFile section */
		8F048675237413BF0059485B /* EditContactViewController.swift in Sources */ = {isa = PBXBuildFile; fileRef = 8F048674237413BF0059485B /* EditContactViewController.swift */; };
		8F17925A237157E800E29694 /* AppDelegate.swift in Sources */ = {isa = PBXBuildFile; fileRef = 8F179259237157E800E29694 /* AppDelegate.swift */; };
		8F17925C237157E800E29694 /* SceneDelegate.swift in Sources */ = {isa = PBXBuildFile; fileRef = 8F17925B237157E800E29694 /* SceneDelegate.swift */; };
		8F17925E237157E800E29694 /* ViewController.swift in Sources */ = {isa = PBXBuildFile; fileRef = 8F17925D237157E800E29694 /* ViewController.swift */; };
		8F179261237157E800E29694 /* Main.storyboard in Resources */ = {isa = PBXBuildFile; fileRef = 8F17925F237157E800E29694 /* Main.storyboard */; };
		8F179263237157EE00E29694 /* Assets.xcassets in Resources */ = {isa = PBXBuildFile; fileRef = 8F179262237157EE00E29694 /* Assets.xcassets */; };
		8F179266237157EE00E29694 /* LaunchScreen.storyboard in Resources */ = {isa = PBXBuildFile; fileRef = 8F179264237157EE00E29694 /* LaunchScreen.storyboard */; };
		8F17927023715F0900E29694 /* Content.storyboard in Resources */ = {isa = PBXBuildFile; fileRef = 8F17926F23715F0900E29694 /* Content.storyboard */; };
		8F2813E32383CA31001F6396 /* Telegramme.xcdatamodeld in Sources */ = {isa = PBXBuildFile; fileRef = 8F2813E12383CA31001F6396 /* Telegramme.xcdatamodeld */; };
		8F2814082383CDBF001F6396 /* ContactController.swift in Sources */ = {isa = PBXBuildFile; fileRef = 8F2814072383CDBF001F6396 /* ContactController.swift */; };
		8F2CCE292386872B0012F526 /* FriendController.swift in Sources */ = {isa = PBXBuildFile; fileRef = 8F2CCE282386872B0012F526 /* FriendController.swift */; };
		8F462B482373F7300026324B /* ShowContactViewController.swift in Sources */ = {isa = PBXBuildFile; fileRef = 8F462B472373F7300026324B /* ShowContactViewController.swift */; };
		8F7011732373EC15004C184F /* AddContactViewController.swift in Sources */ = {isa = PBXBuildFile; fileRef = 8F7011722373EC15004C184F /* AddContactViewController.swift */; };
		8F7011752373EFE8004C184F /* Contact.swift in Sources */ = {isa = PBXBuildFile; fileRef = 8F7011742373EFE8004C184F /* Contact.swift */; };
		8FA5E45923868A0000C57C9F /* Friend.swift in Sources */ = {isa = PBXBuildFile; fileRef = 8FA5E45823868A0000C57C9F /* Friend.swift */; };
		8FA5E45B23868BF500C57C9F /* Message.swift in Sources */ = {isa = PBXBuildFile; fileRef = 8FA5E45A23868BF500C57C9F /* Message.swift */; };
/* End PBXBuildFile section */

/* Begin PBXFileReference section */
		8F048674237413BF0059485B /* EditContactViewController.swift */ = {isa = PBXFileReference; lastKnownFileType = sourcecode.swift; path = EditContactViewController.swift; sourceTree = "<group>"; };
		8F179256237157E800E29694 /* Practical 4 - Telegramme.app */ = {isa = PBXFileReference; explicitFileType = wrapper.application; includeInIndex = 0; path = "Practical 4 - Telegramme.app"; sourceTree = BUILT_PRODUCTS_DIR; };
		8F179259237157E800E29694 /* AppDelegate.swift */ = {isa = PBXFileReference; lastKnownFileType = sourcecode.swift; path = AppDelegate.swift; sourceTree = "<group>"; };
		8F17925B237157E800E29694 /* SceneDelegate.swift */ = {isa = PBXFileReference; lastKnownFileType = sourcecode.swift; path = SceneDelegate.swift; sourceTree = "<group>"; };
		8F17925D237157E800E29694 /* ViewController.swift */ = {isa = PBXFileReference; lastKnownFileType = sourcecode.swift; path = ViewController.swift; sourceTree = "<group>"; };
		8F179260237157E800E29694 /* Base */ = {isa = PBXFileReference; lastKnownFileType = file.storyboard; name = Base; path = Base.lproj/Main.storyboard; sourceTree = "<group>"; };
		8F179262237157EE00E29694 /* Assets.xcassets */ = {isa = PBXFileReference; lastKnownFileType = folder.assetcatalog; path = Assets.xcassets; sourceTree = "<group>"; };
		8F179265237157EE00E29694 /* Base */ = {isa = PBXFileReference; lastKnownFileType = file.storyboard; name = Base; path = Base.lproj/LaunchScreen.storyboard; sourceTree = "<group>"; };
		8F179267237157EE00E29694 /* Info.plist */ = {isa = PBXFileReference; lastKnownFileType = text.plist.xml; path = Info.plist; sourceTree = "<group>"; };
		8F17926F23715F0900E29694 /* Content.storyboard */ = {isa = PBXFileReference; lastKnownFileType = file.storyboard; path = Content.storyboard; sourceTree = "<group>"; };
		8F2813E22383CA31001F6396 /* Telegramme.xcdatamodel */ = {isa = PBXFileReference; lastKnownFileType = wrapper.xcdatamodel; path = Telegramme.xcdatamodel; sourceTree = "<group>"; };
		8F2814072383CDBF001F6396 /* ContactController.swift */ = {isa = PBXFileReference; lastKnownFileType = sourcecode.swift; path = ContactController.swift; sourceTree = "<group>"; };
		8F2CCE282386872B0012F526 /* FriendController.swift */ = {isa = PBXFileReference; lastKnownFileType = sourcecode.swift; path = FriendController.swift; sourceTree = "<group>"; };
		8F462B472373F7300026324B /* ShowContactViewController.swift */ = {isa = PBXFileReference; lastKnownFileType = sourcecode.swift; path = ShowContactViewController.swift; sourceTree = "<group>"; };
		8F7011722373EC15004C184F /* AddContactViewController.swift */ = {isa = PBXFileReference; lastKnownFileType = sourcecode.swift; path = AddContactViewController.swift; sourceTree = "<group>"; };
		8F7011742373EFE8004C184F /* Contact.swift */ = {isa = PBXFileReference; lastKnownFileType = sourcecode.swift; path = Contact.swift; sourceTree = "<group>"; };
		8FA5E45823868A0000C57C9F /* Friend.swift */ = {isa = PBXFileReference; lastKnownFileType = sourcecode.swift; path = Friend.swift; sourceTree = "<group>"; };
		8FA5E45A23868BF500C57C9F /* Message.swift */ = {isa = PBXFileReference; lastKnownFileType = sourcecode.swift; path = Message.swift; sourceTree = "<group>"; };
/* End PBXFileReference section */

/* Begin PBXFrameworksBuildPhase section */
		8F179253237157E800E29694 /* Frameworks */ = {
			isa = PBXFrameworksBuildPhase;
			buildActionMask = 2147483647;
			files = (
			);
			runOnlyForDeploymentPostprocessing = 0;
		};
/* End PBXFrameworksBuildPhase section */

/* Begin PBXGroup section */
		8F17924D237157E800E29694 = {
			isa = PBXGroup;
			children = (
				8F179258237157E800E29694 /* Practical 4 - Telegramme */,
				8F179257237157E800E29694 /* Products */,
			);
			sourceTree = "<group>";
		};
		8F179257237157E800E29694 /* Products */ = {
			isa = PBXGroup;
			children = (
				8F179256237157E800E29694 /* Practical 4 - Telegramme.app */,
			);
			name = Products;
			sourceTree = "<group>";
		};
		8F179258237157E800E29694 /* Practical 4 - Telegramme */ = {
			isa = PBXGroup;
			children = (
				8F179259237157E800E29694 /* AppDelegate.swift */,
				8F2814072383CDBF001F6396 /* ContactController.swift */,
				8F17925B237157E800E29694 /* SceneDelegate.swift */,
				8F17925D237157E800E29694 /* ViewController.swift */,
				8F17925F237157E800E29694 /* Main.storyboard */,
				8F462B472373F7300026324B /* ShowContactViewController.swift */,
				8F2CCE282386872B0012F526 /* FriendController.swift */,
				8FA5E45A23868BF500C57C9F /* Message.swift */,
				8F17926F23715F0900E29694 /* Content.storyboard */,
				8F2813E12383CA31001F6396 /* Telegramme.xcdatamodeld */,
				8FA5E45823868A0000C57C9F /* Friend.swift */,
				8F7011722373EC15004C184F /* AddContactViewController.swift */,
				8F048674237413BF0059485B /* EditContactViewController.swift */,
				8F7011742373EFE8004C184F /* Contact.swift */,
				8F179262237157EE00E29694 /* Assets.xcassets */,
				8F179264237157EE00E29694 /* LaunchScreen.storyboard */,
				8F179267237157EE00E29694 /* Info.plist */,
			);
			path = "Practical 4 - Telegramme";
			sourceTree = "<group>";
		};
/* End PBXGroup section */

/* Begin PBXNativeTarget section */
		8F179255237157E800E29694 /* Practical 4 - Telegramme */ = {
			isa = PBXNativeTarget;
			buildConfigurationList = 8F17926A237157EE00E29694 /* Build configuration list for PBXNativeTarget "Practical 4 - Telegramme" */;
			buildPhases = (
				8F179252237157E800E29694 /* Sources */,
				8F179253237157E800E29694 /* Frameworks */,
				8F179254237157E800E29694 /* Resources */,
			);
			buildRules = (
			);
			dependencies = (
			);
			name = "Practical 4 - Telegramme";
			productName = "Practical 4 - Telegramme";
			productReference = 8F179256237157E800E29694 /* Practical 4 - Telegramme.app */;
			productType = "com.apple.product-type.application";
		};
/* End PBXNativeTarget section */

/* Begin PBXProject section */
		8F17924E237157E800E29694 /* Project object */ = {
			isa = PBXProject;
			attributes = {
				LastSwiftUpdateCheck = 1100;
				LastUpgradeCheck = 1100;
				ORGANIZATIONNAME = Shin;
				TargetAttributes = {
					8F179255237157E800E29694 = {
						CreatedOnToolsVersion = 11.0;
					};
				};
			};
			buildConfigurationList = 8F179251237157E800E29694 /* Build configuration list for PBXProject "Practical 4 - Telegramme" */;
			compatibilityVersion = "Xcode 9.3";
			developmentRegion = en;
			hasScannedForEncodings = 0;
			knownRegions = (
				en,
				Base,
			);
			mainGroup = 8F17924D237157E800E29694;
			productRefGroup = 8F179257237157E800E29694 /* Products */;
			projectDirPath = "";
			projectRoot = "";
			targets = (
				8F179255237157E800E29694 /* Practical 4 - Telegramme */,
			);
		};
/* End PBXProject section */

/* Begin PBXResourcesBuildPhase section */
		8F179254237157E800E29694 /* Resources */ = {
			isa = PBXResourcesBuildPhase;
			buildActionMask = 2147483647;
			files = (
				8F17927023715F0900E29694 /* Content.storyboard in Resources */,
				8F179266237157EE00E29694 /* LaunchScreen.storyboard in Resources */,
				8F179263237157EE00E29694 /* Assets.xcassets in Resources */,
				8F179261237157E800E29694 /* Main.storyboard in Resources */,
			);
			runOnlyForDeploymentPostprocessing = 0;
		};
/* End PBXResourcesBuildPhase section */

/* Begin PBXSourcesBuildPhase section */
		8F179252237157E800E29694 /* Sources */ = {
			isa = PBXSourcesBuildPhase;
			buildActionMask = 2147483647;
			files = (
				8F17925E237157E800E29694 /* ViewController.swift in Sources */,
				8F7011732373EC15004C184F /* AddContactViewController.swift in Sources */,
				8F2813E32383CA31001F6396 /* Telegramme.xcdatamodeld in Sources */,
				8F048675237413BF0059485B /* EditContactViewController.swift in Sources */,
				8F7011752373EFE8004C184F /* Contact.swift in Sources */,
				8F17925A237157E800E29694 /* AppDelegate.swift in Sources */,
				8F462B482373F7300026324B /* ShowContactViewController.swift in Sources */,
				8F2CCE292386872B0012F526 /* FriendController.swift in Sources */,
				8F17925C237157E800E29694 /* SceneDelegate.swift in Sources */,
				8FA5E45B23868BF500C57C9F /* Message.swift in Sources */,
				8F2814082383CDBF001F6396 /* ContactController.swift in Sources */,
				8FA5E45923868A0000C57C9F /* Friend.swift in Sources */,
			);
			runOnlyForDeploymentPostprocessing = 0;
		};
/* End PBXSourcesBuildPhase section */

/* Begin PBXVariantGroup section */
		8F17925F237157E800E29694 /* Main.storyboard */ = {
			isa = PBXVariantGroup;
			children = (
				8F179260237157E800E29694 /* Base */,
			);
			name = Main.storyboard;
			sourceTree = "<group>";
		};
		8F179264237157EE00E29694 /* LaunchScreen.storyboard */ = {
			isa = PBXVariantGroup;
			children = (
				8F179265237157EE00E29694 /* Base */,
			);
			name = LaunchScreen.storyboard;
			sourceTree = "<group>";
		};
/* End PBXVariantGroup section */

/* Begin XCBuildConfiguration section */
		8F179268237157EE00E29694 /* Debug */ = {
			isa = XCBuildConfiguration;
			buildSettings = {
				ALWAYS_SEARCH_USER_PATHS = NO;
				CLANG_ANALYZER_NONNULL = YES;
				CLANG_ANALYZER_NUMBER_OBJECT_CONVERSION = YES_AGGRESSIVE;
				CLANG_CXX_LANGUAGE_STANDARD = "gnu++14";
				CLANG_CXX_LIBRARY = "libc++";
				CLANG_ENABLE_MODULES = YES;
				CLANG_ENABLE_OBJC_ARC = YES;
				CLANG_ENABLE_OBJC_WEAK = YES;
				CLANG_WARN_BLOCK_CAPTURE_AUTORELEASING = YES;
				CLANG_WARN_BOOL_CONVERSION = YES;
				CLANG_WARN_COMMA = YES;
				CLANG_WARN_CONSTANT_CONVERSION = YES;
				CLANG_WARN_DEPRECATED_OBJC_IMPLEMENTATIONS = YES;
				CLANG_WARN_DIRECT_OBJC_ISA_USAGE = YES_ERROR;
				CLANG_WARN_DOCUMENTATION_COMMENTS = YES;
				CLANG_WARN_EMPTY_BODY = YES;
				CLANG_WARN_ENUM_CONVERSION = YES;
				CLANG_WARN_INFINITE_RECURSION = YES;
				CLANG_WARN_INT_CONVERSION = YES;
				CLANG_WARN_NON_LITERAL_NULL_CONVERSION = YES;
				CLANG_WARN_OBJC_IMPLICIT_RETAIN_SELF = YES;
				CLANG_WARN_OBJC_LITERAL_CONVERSION = YES;
				CLANG_WARN_OBJC_ROOT_CLASS = YES_ERROR;
				CLANG_WARN_RANGE_LOOP_ANALYSIS = YES;
				CLANG_WARN_STRICT_PROTOTYPES = YES;
				CLANG_WARN_SUSPICIOUS_MOVE = YES;
				CLANG_WARN_UNGUARDED_AVAILABILITY = YES_AGGRESSIVE;
				CLANG_WARN_UNREACHABLE_CODE = YES;
				CLANG_WARN__DUPLICATE_METHOD_MATCH = YES;
				COPY_PHASE_STRIP = NO;
				DEBUG_INFORMATION_FORMAT = dwarf;
				ENABLE_STRICT_OBJC_MSGSEND = YES;
				ENABLE_TESTABILITY = YES;
				GCC_C_LANGUAGE_STANDARD = gnu11;
				GCC_DYNAMIC_NO_PIC = NO;
				GCC_NO_COMMON_BLOCKS = YES;
				GCC_OPTIMIZATION_LEVEL = 0;
				GCC_PREPROCESSOR_DEFINITIONS = (
					"DEBUG=1",
					"$(inherited)",
				);
				GCC_WARN_64_TO_32_BIT_CONVERSION = YES;
				GCC_WARN_ABOUT_RETURN_TYPE = YES_ERROR;
				GCC_WARN_UNDECLARED_SELECTOR = YES;
				GCC_WARN_UNINITIALIZED_AUTOS = YES_AGGRESSIVE;
				GCC_WARN_UNUSED_FUNCTION = YES;
				GCC_WARN_UNUSED_VARIABLE = YES;
				IPHONEOS_DEPLOYMENT_TARGET = 13.0;
				MTL_ENABLE_DEBUG_INFO = INCLUDE_SOURCE;
				MTL_FAST_MATH = YES;
				ONLY_ACTIVE_ARCH = YES;
				SDKROOT = iphoneos;
				SWIFT_ACTIVE_COMPILATION_CONDITIONS = DEBUG;
				SWIFT_OPTIMIZATION_LEVEL = "-Onone";
			};
			name = Debug;
		};
		8F179269237157EE00E29694 /* Release */ = {
			isa = XCBuildConfiguration;
			buildSettings = {
				ALWAYS_SEARCH_USER_PATHS = NO;
				CLANG_ANALYZER_NONNULL = YES;
				CLANG_ANALYZER_NUMBER_OBJECT_CONVERSION = YES_AGGRESSIVE;
				CLANG_CXX_LANGUAGE_STANDARD = "gnu++14";
				CLANG_CXX_LIBRARY = "libc++";
				CLANG_ENABLE_MODULES = YES;
				CLANG_ENABLE_OBJC_ARC = YES;
				CLANG_ENABLE_OBJC_WEAK = YES;
				CLANG_WARN_BLOCK_CAPTURE_AUTORELEASING = YES;
				CLANG_WARN_BOOL_CONVERSION = YES;
				CLANG_WARN_COMMA = YES;
				CLANG_WARN_CONSTANT_CONVERSION = YES;
				CLANG_WARN_DEPRECATED_OBJC_IMPLEMENTATIONS = YES;
				CLANG_WARN_DIRECT_OBJC_ISA_USAGE = YES_ERROR;
				CLANG_WARN_DOCUMENTATION_COMMENTS = YES;
				CLANG_WARN_EMPTY_BODY = YES;
				CLANG_WARN_ENUM_CONVERSION = YES;
				CLANG_WARN_INFINITE_RECURSION = YES;
				CLANG_WARN_INT_CONVERSION = YES;
				CLANG_WARN_NON_LITERAL_NULL_CONVERSION = YES;
				CLANG_WARN_OBJC_IMPLICIT_RETAIN_SELF = YES;
				CLANG_WARN_OBJC_LITERAL_CONVERSION = YES;
				CLANG_WARN_OBJC_ROOT_CLASS = YES_ERROR;
				CLANG_WARN_RANGE_LOOP_ANALYSIS = YES;
				CLANG_WARN_STRICT_PROTOTYPES = YES;
				CLANG_WARN_SUSPICIOUS_MOVE = YES;
				CLANG_WARN_UNGUARDED_AVAILABILITY = YES_AGGRESSIVE;
				CLANG_WARN_UNREACHABLE_CODE = YES;
				CLANG_WARN__DUPLICATE_METHOD_MATCH = YES;
				COPY_PHASE_STRIP = NO;
				DEBUG_INFORMATION_FORMAT = "dwarf-with-dsym";
				ENABLE_NS_ASSERTIONS = NO;
				ENABLE_STRICT_OBJC_MSGSEND = YES;
				GCC_C_LANGUAGE_STANDARD = gnu11;
				GCC_NO_COMMON_BLOCKS = YES;
				GCC_WARN_64_TO_32_BIT_CONVERSION = YES;
				GCC_WARN_ABOUT_RETURN_TYPE = YES_ERROR;
				GCC_WARN_UNDECLARED_SELECTOR = YES;
				GCC_WARN_UNINITIALIZED_AUTOS = YES_AGGRESSIVE;
				GCC_WARN_UNUSED_FUNCTION = YES;
				GCC_WARN_UNUSED_VARIABLE = YES;
				IPHONEOS_DEPLOYMENT_TARGET = 13.0;
				MTL_ENABLE_DEBUG_INFO = NO;
				MTL_FAST_MATH = YES;
				SDKROOT = iphoneos;
				SWIFT_COMPILATION_MODE = wholemodule;
				SWIFT_OPTIMIZATION_LEVEL = "-O";
				VALIDATE_PRODUCT = YES;
			};
			name = Release;
		};
		8F17926B237157EE00E29694 /* Debug */ = {
			isa = XCBuildConfiguration;
			buildSettings = {
				ASSETCATALOG_COMPILER_APPICON_NAME = AppIcon;
				CODE_SIGN_STYLE = Automatic;
				INFOPLIST_FILE = "Practical 4 - Telegramme/Info.plist";
				LD_RUNPATH_SEARCH_PATHS = (
					"$(inherited)",
					"@executable_path/Frameworks",
				);
				PRODUCT_BUNDLE_IDENTIFIER = "w.sf.Practical-4---Telegramme";
				PRODUCT_NAME = "$(TARGET_NAME)";
				SWIFT_VERSION = 5.0;
				TARGETED_DEVICE_FAMILY = "1,2";
			};
			name = Debug;
		};
		8F17926C237157EE00E29694 /* Release */ = {
			isa = XCBuildConfiguration;
			buildSettings = {
				ASSETCATALOG_COMPILER_APPICON_NAME = AppIcon;
				CODE_SIGN_STYLE = Automatic;
				INFOPLIST_FILE = "Practical 4 - Telegramme/Info.plist";
				LD_RUNPATH_SEARCH_PATHS = (
					"$(inherited)",
					"@executable_path/Frameworks",
				);
				PRODUCT_BUNDLE_IDENTIFIER = "w.sf.Practical-4---Telegramme";
				PRODUCT_NAME = "$(TARGET_NAME)";
				SWIFT_VERSION = 5.0;
				TARGETED_DEVICE_FAMILY = "1,2";
			};
			name = Release;
		};
/* End XCBuildConfiguration section */

/* Begin XCConfigurationList section */
		8F179251237157E800E29694 /* Build configuration list for PBXProject "Practical 4 - Telegramme" */ = {
			isa = XCConfigurationList;
			buildConfigurations = (
				8F179268237157EE00E29694 /* Debug */,
				8F179269237157EE00E29694 /* Release */,
			);
			defaultConfigurationIsVisible = 0;
			defaultConfigurationName = Release;
		};
		8F17926A237157EE00E29694 /* Build configuration list for PBXNativeTarget "Practical 4 - Telegramme" */ = {
			isa = XCConfigurationList;
			buildConfigurations = (
				8F17926B237157EE00E29694 /* Debug */,
				8F17926C237157EE00E29694 /* Release */,
			);
			defaultConfigurationIsVisible = 0;
			defaultConfigurationName = Release;
		};
/* End XCConfigurationList section */

/* Begin XCVersionGroup section */
		8F2813E12383CA31001F6396 /* Telegramme.xcdatamodeld */ = {
			isa = XCVersionGroup;
			children = (
				8F2813E22383CA31001F6396 /* Telegramme.xcdatamodel */,
			);
			currentVersion = 8F2813E22383CA31001F6396 /* Telegramme.xcdatamodel */;
			path = Telegramme.xcdatamodeld;
			sourceTree = "<group>";
			versionGroupType = wrapper.xcdatamodel;
		};
/* End XCVersionGroup section */
	};
	rootObject = 8F17924E237157E800E29694 /* Project object */;
}
