// !$*UTF8*$!
{
	archiveVersion = 1;
	classes = {
	};
	objectVersion = 50;
	objects = {

/* Begin PBXBuildFile section */
		8F3DF328239639FD008FC29C /* AppDelegate.swift in Sources */ = {isa = PBXBuildFile; fileRef = 8F3DF327239639FD008FC29C /* AppDelegate.swift */; };
		8F3DF32A239639FD008FC29C /* SceneDelegate.swift in Sources */ = {isa = PBXBuildFile; fileRef = 8F3DF329239639FD008FC29C /* SceneDelegate.swift */; };
		8F3DF32C239639FD008FC29C /* ViewController.swift in Sources */ = {isa = PBXBuildFile; fileRef = 8F3DF32B239639FD008FC29C /* ViewController.swift */; };
		8F3DF32F239639FD008FC29C /* Main.storyboard in Resources */ = {isa = PBXBuildFile; fileRef = 8F3DF32D239639FD008FC29C /* Main.storyboard */; };
		8F3DF332239639FD008FC29C /* CT_Revision_2.xcdatamodeld in Sources */ = {isa = PBXBuildFile; fileRef = 8F3DF330239639FD008FC29C /* CT_Revision_2.xcdatamodeld */; };
		8F3DF334239639FE008FC29C /* Assets.xcassets in Resources */ = {isa = PBXBuildFile; fileRef = 8F3DF333239639FE008FC29C /* Assets.xcassets */; };
		8F3DF337239639FE008FC29C /* LaunchScreen.storyboard in Resources */ = {isa = PBXBuildFile; fileRef = 8F3DF335239639FE008FC29C /* LaunchScreen.storyboard */; };
		8F3DF33F23963AE7008FC29C /* Recipe.swift in Sources */ = {isa = PBXBuildFile; fileRef = 8F3DF33E23963AE7008FC29C /* Recipe.swift */; };
		8F3DF34123963B60008FC29C /* Ingredient.swift in Sources */ = {isa = PBXBuildFile; fileRef = 8F3DF34023963B60008FC29C /* Ingredient.swift */; };
		8F3DF34323963BBC008FC29C /* RecipeController.swift in Sources */ = {isa = PBXBuildFile; fileRef = 8F3DF34223963BBC008FC29C /* RecipeController.swift */; };
		8F3DF34523963E21008FC29C /* RecipeTableViewController.swift in Sources */ = {isa = PBXBuildFile; fileRef = 8F3DF34423963E21008FC29C /* RecipeTableViewController.swift */; };
/* End PBXBuildFile section */

/* Begin PBXFileReference section */
		8F3DF324239639FD008FC29C /* CT Revision 2.app */ = {isa = PBXFileReference; explicitFileType = wrapper.application; includeInIndex = 0; path = "CT Revision 2.app"; sourceTree = BUILT_PRODUCTS_DIR; };
		8F3DF327239639FD008FC29C /* AppDelegate.swift */ = {isa = PBXFileReference; lastKnownFileType = sourcecode.swift; path = AppDelegate.swift; sourceTree = "<group>"; };
		8F3DF329239639FD008FC29C /* SceneDelegate.swift */ = {isa = PBXFileReference; lastKnownFileType = sourcecode.swift; path = SceneDelegate.swift; sourceTree = "<group>"; };
		8F3DF32B239639FD008FC29C /* ViewController.swift */ = {isa = PBXFileReference; lastKnownFileType = sourcecode.swift; path = ViewController.swift; sourceTree = "<group>"; };
		8F3DF32E239639FD008FC29C /* Base */ = {isa = PBXFileReference; lastKnownFileType = file.storyboard; name = Base; path = Base.lproj/Main.storyboard; sourceTree = "<group>"; };
		8F3DF331239639FD008FC29C /* CT_Revision_2.xcdatamodel */ = {isa = PBXFileReference; lastKnownFileType = wrapper.xcdatamodel; path = CT_Revision_2.xcdatamodel; sourceTree = "<group>"; };
		8F3DF333239639FE008FC29C /* Assets.xcassets */ = {isa = PBXFileReference; lastKnownFileType = folder.assetcatalog; path = Assets.xcassets; sourceTree = "<group>"; };
		8F3DF336239639FE008FC29C /* Base */ = {isa = PBXFileReference; lastKnownFileType = file.storyboard; name = Base; path = Base.lproj/LaunchScreen.storyboard; sourceTree = "<group>"; };
		8F3DF338239639FE008FC29C /* Info.plist */ = {isa = PBXFileReference; lastKnownFileType = text.plist.xml; path = Info.plist; sourceTree = "<group>"; };
		8F3DF33E23963AE7008FC29C /* Recipe.swift */ = {isa = PBXFileReference; lastKnownFileType = sourcecode.swift; path = Recipe.swift; sourceTree = "<group>"; };
		8F3DF34023963B60008FC29C /* Ingredient.swift */ = {isa = PBXFileReference; lastKnownFileType = sourcecode.swift; path = Ingredient.swift; sourceTree = "<group>"; };
		8F3DF34223963BBC008FC29C /* RecipeController.swift */ = {isa = PBXFileReference; lastKnownFileType = sourcecode.swift; path = RecipeController.swift; sourceTree = "<group>"; };
		8F3DF34423963E21008FC29C /* RecipeTableViewController.swift */ = {isa = PBXFileReference; lastKnownFileType = sourcecode.swift; path = RecipeTableViewController.swift; sourceTree = "<group>"; };
/* End PBXFileReference section */

/* Begin PBXFrameworksBuildPhase section */
		8F3DF321239639FD008FC29C /* Frameworks */ = {
			isa = PBXFrameworksBuildPhase;
			buildActionMask = 2147483647;
			files = (
			);
			runOnlyForDeploymentPostprocessing = 0;
		};
/* End PBXFrameworksBuildPhase section */

/* Begin PBXGroup section */
		8F3DF31B239639FD008FC29C = {
			isa = PBXGroup;
			children = (
				8F3DF326239639FD008FC29C /* CT Revision 2 */,
				8F3DF325239639FD008FC29C /* Products */,
			);
			sourceTree = "<group>";
		};
		8F3DF325239639FD008FC29C /* Products */ = {
			isa = PBXGroup;
			children = (
				8F3DF324239639FD008FC29C /* CT Revision 2.app */,
			);
			name = Products;
			sourceTree = "<group>";
		};
		8F3DF326239639FD008FC29C /* CT Revision 2 */ = {
			isa = PBXGroup;
			children = (
				8F3DF327239639FD008FC29C /* AppDelegate.swift */,
				8F3DF329239639FD008FC29C /* SceneDelegate.swift */,
				8F3DF32B239639FD008FC29C /* ViewController.swift */,
				8F3DF32D239639FD008FC29C /* Main.storyboard */,
				8F3DF34423963E21008FC29C /* RecipeTableViewController.swift */,
				8F3DF333239639FE008FC29C /* Assets.xcassets */,
				8F3DF335239639FE008FC29C /* LaunchScreen.storyboard */,
				8F3DF338239639FE008FC29C /* Info.plist */,
				8F3DF330239639FD008FC29C /* CT_Revision_2.xcdatamodeld */,
				8F3DF33E23963AE7008FC29C /* Recipe.swift */,
				8F3DF34023963B60008FC29C /* Ingredient.swift */,
				8F3DF34223963BBC008FC29C /* RecipeController.swift */,
			);
			path = "CT Revision 2";
			sourceTree = "<group>";
		};
/* End PBXGroup section */

/* Begin PBXNativeTarget section */
		8F3DF323239639FD008FC29C /* CT Revision 2 */ = {
			isa = PBXNativeTarget;
			buildConfigurationList = 8F3DF33B239639FE008FC29C /* Build configuration list for PBXNativeTarget "CT Revision 2" */;
			buildPhases = (
				8F3DF320239639FD008FC29C /* Sources */,
				8F3DF321239639FD008FC29C /* Frameworks */,
				8F3DF322239639FD008FC29C /* Resources */,
			);
			buildRules = (
			);
			dependencies = (
			);
			name = "CT Revision 2";
			productName = "CT Revision 2";
			productReference = 8F3DF324239639FD008FC29C /* CT Revision 2.app */;
			productType = "com.apple.product-type.application";
		};
/* End PBXNativeTarget section */

/* Begin PBXProject section */
		8F3DF31C239639FD008FC29C /* Project object */ = {
			isa = PBXProject;
			attributes = {
				LastSwiftUpdateCheck = 1100;
				LastUpgradeCheck = 1100;
				ORGANIZATIONNAME = Shin;
				TargetAttributes = {
					8F3DF323239639FD008FC29C = {
						CreatedOnToolsVersion = 11.0;
					};
				};
			};
			buildConfigurationList = 8F3DF31F239639FD008FC29C /* Build configuration list for PBXProject "CT Revision 2" */;
			compatibilityVersion = "Xcode 9.3";
			developmentRegion = en;
			hasScannedForEncodings = 0;
			knownRegions = (
				en,
				Base,
			);
			mainGroup = 8F3DF31B239639FD008FC29C;
			productRefGroup = 8F3DF325239639FD008FC29C /* Products */;
			projectDirPath = "";
			projectRoot = "";
			targets = (
				8F3DF323239639FD008FC29C /* CT Revision 2 */,
			);
		};
/* End PBXProject section */

/* Begin PBXResourcesBuildPhase section */
		8F3DF322239639FD008FC29C /* Resources */ = {
			isa = PBXResourcesBuildPhase;
			buildActionMask = 2147483647;
			files = (
				8F3DF337239639FE008FC29C /* LaunchScreen.storyboard in Resources */,
				8F3DF334239639FE008FC29C /* Assets.xcassets in Resources */,
				8F3DF32F239639FD008FC29C /* Main.storyboard in Resources */,
			);
			runOnlyForDeploymentPostprocessing = 0;
		};
/* End PBXResourcesBuildPhase section */

/* Begin PBXSourcesBuildPhase section */
		8F3DF320239639FD008FC29C /* Sources */ = {
			isa = PBXSourcesBuildPhase;
			buildActionMask = 2147483647;
			files = (
				8F3DF332239639FD008FC29C /* CT_Revision_2.xcdatamodeld in Sources */,
				8F3DF34523963E21008FC29C /* RecipeTableViewController.swift in Sources */,
				8F3DF32C239639FD008FC29C /* ViewController.swift in Sources */,
				8F3DF34323963BBC008FC29C /* RecipeController.swift in Sources */,
				8F3DF34123963B60008FC29C /* Ingredient.swift in Sources */,
				8F3DF328239639FD008FC29C /* AppDelegate.swift in Sources */,
				8F3DF32A239639FD008FC29C /* SceneDelegate.swift in Sources */,
				8F3DF33F23963AE7008FC29C /* Recipe.swift in Sources */,
			);
			runOnlyForDeploymentPostprocessing = 0;
		};
/* End PBXSourcesBuildPhase section */

/* Begin PBXVariantGroup section */
		8F3DF32D239639FD008FC29C /* Main.storyboard */ = {
			isa = PBXVariantGroup;
			children = (
				8F3DF32E239639FD008FC29C /* Base */,
			);
			name = Main.storyboard;
			sourceTree = "<group>";
		};
		8F3DF335239639FE008FC29C /* LaunchScreen.storyboard */ = {
			isa = PBXVariantGroup;
			children = (
				8F3DF336239639FE008FC29C /* Base */,
			);
			name = LaunchScreen.storyboard;
			sourceTree = "<group>";
		};
/* End PBXVariantGroup section */

/* Begin XCBuildConfiguration section */
		8F3DF339239639FE008FC29C /* Debug */ = {
			isa = XCBuildConfiguration;
			buildSettings = {
				ALWAYS_SEARCH_USER_PATHS = NO;
				CLANG_ANALYZER_NONNULL = YES;
				CLANG_ANALYZER_NUMBER_OBJECT_CONVERSION = YES_AGGRESSIVE;
				CLANG_CXX_LANGUAGE_STANDARD = "gnu++14";
				CLANG_CXX_LIBRARY = "libc++";
				CLANG_ENABLE_MODULES = YES;
				CLANG_ENABLE_OBJC_ARC = YES;
				CLANG_ENABLE_OBJC_WEAK = YES;
				CLANG_WARN_BLOCK_CAPTURE_AUTORELEASING = YES;
				CLANG_WARN_BOOL_CONVERSION = YES;
				CLANG_WARN_COMMA = YES;
				CLANG_WARN_CONSTANT_CONVERSION = YES;
				CLANG_WARN_DEPRECATED_OBJC_IMPLEMENTATIONS = YES;
				CLANG_WARN_DIRECT_OBJC_ISA_USAGE = YES_ERROR;
				CLANG_WARN_DOCUMENTATION_COMMENTS = YES;
				CLANG_WARN_EMPTY_BODY = YES;
				CLANG_WARN_ENUM_CONVERSION = YES;
				CLANG_WARN_INFINITE_RECURSION = YES;
				CLANG_WARN_INT_CONVERSION = YES;
				CLANG_WARN_NON_LITERAL_NULL_CONVERSION = YES;
				CLANG_WARN_OBJC_IMPLICIT_RETAIN_SELF = YES;
				CLANG_WARN_OBJC_LITERAL_CONVERSION = YES;
				CLANG_WARN_OBJC_ROOT_CLASS = YES_ERROR;
				CLANG_WARN_RANGE_LOOP_ANALYSIS = YES;
				CLANG_WARN_STRICT_PROTOTYPES = YES;
				CLANG_WARN_SUSPICIOUS_MOVE = YES;
				CLANG_WARN_UNGUARDED_AVAILABILITY = YES_AGGRESSIVE;
				CLANG_WARN_UNREACHABLE_CODE = YES;
				CLANG_WARN__DUPLICATE_METHOD_MATCH = YES;
				COPY_PHASE_STRIP = NO;
				DEBUG_INFORMATION_FORMAT = dwarf;
				ENABLE_STRICT_OBJC_MSGSEND = YES;
				ENABLE_TESTABILITY = YES;
				GCC_C_LANGUAGE_STANDARD = gnu11;
				GCC_DYNAMIC_NO_PIC = NO;
				GCC_NO_COMMON_BLOCKS = YES;
				GCC_OPTIMIZATION_LEVEL = 0;
				GCC_PREPROCESSOR_DEFINITIONS = (
					"DEBUG=1",
					"$(inherited)",
				);
				GCC_WARN_64_TO_32_BIT_CONVERSION = YES;
				GCC_WARN_ABOUT_RETURN_TYPE = YES_ERROR;
				GCC_WARN_UNDECLARED_SELECTOR = YES;
				GCC_WARN_UNINITIALIZED_AUTOS = YES_AGGRESSIVE;
				GCC_WARN_UNUSED_FUNCTION = YES;
				GCC_WARN_UNUSED_VARIABLE = YES;
				IPHONEOS_DEPLOYMENT_TARGET = 13.0;
				MTL_ENABLE_DEBUG_INFO = INCLUDE_SOURCE;
				MTL_FAST_MATH = YES;
				ONLY_ACTIVE_ARCH = YES;
				SDKROOT = iphoneos;
				SWIFT_ACTIVE_COMPILATION_CONDITIONS = DEBUG;
				SWIFT_OPTIMIZATION_LEVEL = "-Onone";
			};
			name = Debug;
		};
		8F3DF33A239639FE008FC29C /* Release */ = {
			isa = XCBuildConfiguration;
			buildSettings = {
				ALWAYS_SEARCH_USER_PATHS = NO;
				CLANG_ANALYZER_NONNULL = YES;
				CLANG_ANALYZER_NUMBER_OBJECT_CONVERSION = YES_AGGRESSIVE;
				CLANG_CXX_LANGUAGE_STANDARD = "gnu++14";
				CLANG_CXX_LIBRARY = "libc++";
				CLANG_ENABLE_MODULES = YES;
				CLANG_ENABLE_OBJC_ARC = YES;
				CLANG_ENABLE_OBJC_WEAK = YES;
				CLANG_WARN_BLOCK_CAPTURE_AUTORELEASING = YES;
				CLANG_WARN_BOOL_CONVERSION = YES;
				CLANG_WARN_COMMA = YES;
				CLANG_WARN_CONSTANT_CONVERSION = YES;
				CLANG_WARN_DEPRECATED_OBJC_IMPLEMENTATIONS = YES;
				CLANG_WARN_DIRECT_OBJC_ISA_USAGE = YES_ERROR;
				CLANG_WARN_DOCUMENTATION_COMMENTS = YES;
				CLANG_WARN_EMPTY_BODY = YES;
				CLANG_WARN_ENUM_CONVERSION = YES;
				CLANG_WARN_INFINITE_RECURSION = YES;
				CLANG_WARN_INT_CONVERSION = YES;
				CLANG_WARN_NON_LITERAL_NULL_CONVERSION = YES;
				CLANG_WARN_OBJC_IMPLICIT_RETAIN_SELF = YES;
				CLANG_WARN_OBJC_LITERAL_CONVERSION = YES;
				CLANG_WARN_OBJC_ROOT_CLASS = YES_ERROR;
				CLANG_WARN_RANGE_LOOP_ANALYSIS = YES;
				CLANG_WARN_STRICT_PROTOTYPES = YES;
				CLANG_WARN_SUSPICIOUS_MOVE = YES;
				CLANG_WARN_UNGUARDED_AVAILABILITY = YES_AGGRESSIVE;
				CLANG_WARN_UNREACHABLE_CODE = YES;
				CLANG_WARN__DUPLICATE_METHOD_MATCH = YES;
				COPY_PHASE_STRIP = NO;
				DEBUG_INFORMATION_FORMAT = "dwarf-with-dsym";
				ENABLE_NS_ASSERTIONS = NO;
				ENABLE_STRICT_OBJC_MSGSEND = YES;
				GCC_C_LANGUAGE_STANDARD = gnu11;
				GCC_NO_COMMON_BLOCKS = YES;
				GCC_WARN_64_TO_32_BIT_CONVERSION = YES;
				GCC_WARN_ABOUT_RETURN_TYPE = YES_ERROR;
				GCC_WARN_UNDECLARED_SELECTOR = YES;
				GCC_WARN_UNINITIALIZED_AUTOS = YES_AGGRESSIVE;
				GCC_WARN_UNUSED_FUNCTION = YES;
				GCC_WARN_UNUSED_VARIABLE = YES;
				IPHONEOS_DEPLOYMENT_TARGET = 13.0;
				MTL_ENABLE_DEBUG_INFO = NO;
				MTL_FAST_MATH = YES;
				SDKROOT = iphoneos;
				SWIFT_COMPILATION_MODE = wholemodule;
				SWIFT_OPTIMIZATION_LEVEL = "-O";
				VALIDATE_PRODUCT = YES;
			};
			name = Release;
		};
		8F3DF33C239639FE008FC29C /* Debug */ = {
			isa = XCBuildConfiguration;
			buildSettings = {
				ASSETCATALOG_COMPILER_APPICON_NAME = AppIcon;
				CODE_SIGN_STYLE = Automatic;
				INFOPLIST_FILE = "CT Revision 2/Info.plist";
				LD_RUNPATH_SEARCH_PATHS = (
					"$(inherited)",
					"@executable_path/Frameworks",
				);
				PRODUCT_BUNDLE_IDENTIFIER = "w.sf.CT-Revision-2";
				PRODUCT_NAME = "$(TARGET_NAME)";
				SWIFT_VERSION = 5.0;
				TARGETED_DEVICE_FAMILY = "1,2";
			};
			name = Debug;
		};
		8F3DF33D239639FE008FC29C /* Release */ = {
			isa = XCBuildConfiguration;
			buildSettings = {
				ASSETCATALOG_COMPILER_APPICON_NAME = AppIcon;
				CODE_SIGN_STYLE = Automatic;
				INFOPLIST_FILE = "CT Revision 2/Info.plist";
				LD_RUNPATH_SEARCH_PATHS = (
					"$(inherited)",
					"@executable_path/Frameworks",
				);
				PRODUCT_BUNDLE_IDENTIFIER = "w.sf.CT-Revision-2";
				PRODUCT_NAME = "$(TARGET_NAME)";
				SWIFT_VERSION = 5.0;
				TARGETED_DEVICE_FAMILY = "1,2";
			};
			name = Release;
		};
/* End XCBuildConfiguration section */

/* Begin XCConfigurationList section */
		8F3DF31F239639FD008FC29C /* Build configuration list for PBXProject "CT Revision 2" */ = {
			isa = XCConfigurationList;
			buildConfigurations = (
				8F3DF339239639FE008FC29C /* Debug */,
				8F3DF33A239639FE008FC29C /* Release */,
			);
			defaultConfigurationIsVisible = 0;
			defaultConfigurationName = Release;
		};
		8F3DF33B239639FE008FC29C /* Build configuration list for PBXNativeTarget "CT Revision 2" */ = {
			isa = XCConfigurationList;
			buildConfigurations = (
				8F3DF33C239639FE008FC29C /* Debug */,
				8F3DF33D239639FE008FC29C /* Release */,
			);
			defaultConfigurationIsVisible = 0;
			defaultConfigurationName = Release;
		};
/* End XCConfigurationList section */

/* Begin XCVersionGroup section */
		8F3DF330239639FD008FC29C /* CT_Revision_2.xcdatamodeld */ = {
			isa = XCVersionGroup;
			children = (
				8F3DF331239639FD008FC29C /* CT_Revision_2.xcdatamodel */,
			);
			currentVersion = 8F3DF331239639FD008FC29C /* CT_Revision_2.xcdatamodel */;
			path = CT_Revision_2.xcdatamodeld;
			sourceTree = "<group>";
			versionGroupType = wrapper.xcdatamodel;
		};
/* End XCVersionGroup section */
	};
	rootObject = 8F3DF31C239639FD008FC29C /* Project object */;
}
